
Microsoft Visual Studio Solution File, Format Version 12.00
# Visual Studio Version 17
VisualStudioVersion = 17.0.31912.275
MinimumVisualStudioVersion = 10.0.40219.1
Project("{9A19103F-16F7-4668-BE54-9A1E7A4F7556}") = "CreditApp", "CreditApp\CreditApp.csproj", "{681623B9-D11C-4845-AC5D-261A45B7DD52}"
EndProject
Project("{9A19103F-16F7-4668-BE54-9A1E7A4F7556}") = "CreditApp.UnitTests", "CreditApp.UnitTests\CreditApp.UnitTests.csproj", "{90C22099-749C-451F-A256-8C39127A83A3}"
EndProject
Project("{FAE04EC0-301F-11D3-BF4B-00C04F79EFBC}") = "CreditApp.IntegrationTest", "CreditApp.IntegrationTest\CreditApp.IntegrationTest.csproj", "{F20229C7-8309-42CF-8EB8-ADAB381EDA63}"
EndProject
Global
	GlobalSection(SolutionConfigurationPlatforms) = preSolution
		Debug|Any CPU = Debug|Any CPU
		Release|Any CPU = Release|Any CPU
	EndGlobalSection
	GlobalSection(ProjectConfigurationPlatforms) = postSolution
		{681623B9-D11C-4845-AC5D-261A45B7DD52}.Debug|Any CPU.ActiveCfg = Debug|Any CPU
		{681623B9-D11C-4845-AC5D-261A45B7DD52}.Debug|Any CPU.Build.0 = Debug|Any CPU
		{681623B9-D11C-4845-AC5D-261A45B7DD52}.Release|Any CPU.ActiveCfg = Release|Any CPU
		{681623B9-D11C-4845-AC5D-261A45B7DD52}.Release|Any CPU.Build.0 = Release|Any CPU
		{90C22099-749C-451F-A256-8C39127A83A3}.Debug|Any CPU.ActiveCfg = Debug|Any CPU
		{90C22099-749C-451F-A256-8C39127A83A3}.Debug|Any CPU.Build.0 = Debug|Any CPU
		{90C22099-749C-451F-A256-8C39127A83A3}.Release|Any CPU.ActiveCfg = Release|Any CPU
		{90C22099-749C-451F-A256-8C39127A83A3}.Release|Any CPU.Build.0 = Release|Any CPU
		{F20229C7-8309-42CF-8EB8-ADAB381EDA63}.Debug|Any CPU.ActiveCfg = Debug|Any CPU
		{F20229C7-8309-42CF-8EB8-ADAB381EDA63}.Debug|Any CPU.Build.0 = Debug|Any CPU
		{F20229C7-8309-42CF-8EB8-ADAB381EDA63}.Release|Any CPU.ActiveCfg = Release|Any CPU
		{F20229C7-8309-42CF-8EB8-ADAB381EDA63}.Release|Any CPU.Build.0 = Release|Any CPU
	EndGlobalSection
	GlobalSection(SolutionProperties) = preSolution
		HideSolutionNode = FALSE
	EndGlobalSection
	GlobalSection(ExtensibilityGlobals) = postSolution
		SolutionGuid = {7EAD6890-2055-40B9-AAAD-D74CE69B7C92}
	EndGlobalSection
EndGlobal
